
Microsoft Visual Studio Solution File, Format Version 12.00
# Visual Studio Version 16
VisualStudioVersion = 16.0.28922.388
MinimumVisualStudioVersion = 15.0.26124.0
Project("{9A19103F-16F7-4668-BE54-9A1E7A4F7556}") = "PruebaSeguridadWebAPI", "PruebaSeguridadWebAPI\PruebaSeguridadWebAPI.csproj", "{E66BBAF6-3243-4EDF-908D-E71BC7CBE64A}"
EndProject
Project("{9A19103F-16F7-4668-BE54-9A1E7A4F7556}") = "PruebaColeccionGenerica", "PruebaColeccionGenerica\PruebaColeccionGenerica.csproj", "{DA89EB6A-7542-4793-A105-E28D2BE8A716}"
EndProject
Global
	GlobalSection(SolutionConfigurationPlatforms) = preSolution
		Debug|Any CPU = Debug|Any CPU
		Debug|x64 = Debug|x64
		Debug|x86 = Debug|x86
		Release|Any CPU = Release|Any CPU
		Release|x64 = Release|x64
		Release|x86 = Release|x86
	EndGlobalSection
	GlobalSection(ProjectConfigurationPlatforms) = postSolution
		{E66BBAF6-3243-4EDF-908D-E71BC7CBE64A}.Debug|Any CPU.ActiveCfg = Debug|Any CPU
		{E66BBAF6-3243-4EDF-908D-E71BC7CBE64A}.Debug|Any CPU.Build.0 = Debug|Any CPU
		{E66BBAF6-3243-4EDF-908D-E71BC7CBE64A}.Debug|x64.ActiveCfg = Debug|Any CPU
		{E66BBAF6-3243-4EDF-908D-E71BC7CBE64A}.Debug|x64.Build.0 = Debug|Any CPU
		{E66BBAF6-3243-4EDF-908D-E71BC7CBE64A}.Debug|x86.ActiveCfg = Debug|Any CPU
		{E66BBAF6-3243-4EDF-908D-E71BC7CBE64A}.Debug|x86.Build.0 = Debug|Any CPU
		{E66BBAF6-3243-4EDF-908D-E71BC7CBE64A}.Release|Any CPU.ActiveCfg = Release|Any CPU
		{E66BBAF6-3243-4EDF-908D-E71BC7CBE64A}.Release|Any CPU.Build.0 = Release|Any CPU
		{E66BBAF6-3243-4EDF-908D-E71BC7CBE64A}.Release|x64.ActiveCfg = Release|Any CPU
		{E66BBAF6-3243-4EDF-908D-E71BC7CBE64A}.Release|x64.Build.0 = Release|Any CPU
		{E66BBAF6-3243-4EDF-908D-E71BC7CBE64A}.Release|x86.ActiveCfg = Release|Any CPU
		{E66BBAF6-3243-4EDF-908D-E71BC7CBE64A}.Release|x86.Build.0 = Release|Any CPU
		{DA89EB6A-7542-4793-A105-E28D2BE8A716}.Debug|Any CPU.ActiveCfg = Debug|Any CPU
		{DA89EB6A-7542-4793-A105-E28D2BE8A716}.Debug|Any CPU.Build.0 = Debug|Any CPU
		{DA89EB6A-7542-4793-A105-E28D2BE8A716}.Debug|x64.ActiveCfg = Debug|Any CPU
		{DA89EB6A-7542-4793-A105-E28D2BE8A716}.Debug|x64.Build.0 = Debug|Any CPU
		{DA89EB6A-7542-4793-A105-E28D2BE8A716}.Debug|x86.ActiveCfg = Debug|Any CPU
		{DA89EB6A-7542-4793-A105-E28D2BE8A716}.Debug|x86.Build.0 = Debug|Any CPU
		{DA89EB6A-7542-4793-A105-E28D2BE8A716}.Release|Any CPU.ActiveCfg = Release|Any CPU
		{DA89EB6A-7542-4793-A105-E28D2BE8A716}.Release|Any CPU.Build.0 = Release|Any CPU
		{DA89EB6A-7542-4793-A105-E28D2BE8A716}.Release|x64.ActiveCfg = Release|Any CPU
		{DA89EB6A-7542-4793-A105-E28D2BE8A716}.Release|x64.Build.0 = Release|Any CPU
		{DA89EB6A-7542-4793-A105-E28D2BE8A716}.Release|x86.ActiveCfg = Release|Any CPU
		{DA89EB6A-7542-4793-A105-E28D2BE8A716}.Release|x86.Build.0 = Release|Any CPU
	EndGlobalSection
	GlobalSection(SolutionProperties) = preSolution
		HideSolutionNode = FALSE
	EndGlobalSection
	GlobalSection(ExtensibilityGlobals) = postSolution
		SolutionGuid = {F0F1F4D3-D5A6-4C61-A7B8-EF415081157C}
	EndGlobalSection
EndGlobal
